
Microsoft Visual Studio Solution File, Format Version 12.00
# Visual Studio Version 16
VisualStudioVersion = 16.0.31702.278
MinimumVisualStudioVersion = 10.0.40219.1
Project("{FAE04EC0-301F-11D3-BF4B-00C04F79EFBC}") = "teste projeto", "teste projeto.csproj", "{7CA6302E-3A55-4C1F-B0C6-744A16456BDD}"
EndProject
Global
	GlobalSection(SolutionConfigurationPlatforms) = preSolution
		Debug|Any CPU = Debug|Any CPU
		Release|Any CPU = Release|Any CPU
	EndGlobalSection
	GlobalSection(ProjectConfigurationPlatforms) = postSolution
		{7CA6302E-3A55-4C1F-B0C6-744A16456BDD}.Debug|Any CPU.ActiveCfg = Debug|Any CPU
		{7CA6302E-3A55-4C1F-B0C6-744A16456BDD}.Debug|Any CPU.Build.0 = Debug|Any CPU
		{7CA6302E-3A55-4C1F-B0C6-744A16456BDD}.Release|Any CPU.ActiveCfg = Release|Any CPU
		{7CA6302E-3A55-4C1F-B0C6-744A16456BDD}.Release|Any CPU.Build.0 = Release|Any CPU
	EndGlobalSection
	GlobalSection(SolutionProperties) = preSolution
		HideSolutionNode = FALSE
	EndGlobalSection
	GlobalSection(ExtensibilityGlobals) = postSolution
		SolutionGuid = {0E56BD40-945C-49D6-92E7-1DBA5B541BE7}
	EndGlobalSection
EndGlobal
